// !$*UTF8*$!
{
	archiveVersion = 1;
	classes = {
	};
	objectVersion = 46;
	objects = {

/* Begin PBXBuildFile section */
		1E55CA1C1C1EB42000BCCF06 /* AppDelegate.swift in Sources */ = {isa = PBXBuildFile; fileRef = 1E55CA1B1C1EB42000BCCF06 /* AppDelegate.swift */; };
		1E55CA1E1C1EB42000BCCF06 /* ViewController.swift in Sources */ = {isa = PBXBuildFile; fileRef = 1E55CA1D1C1EB42000BCCF06 /* ViewController.swift */; };
		1E55CA211C1EB42000BCCF06 /* Main.storyboard in Resources */ = {isa = PBXBuildFile; fileRef = 1E55CA1F1C1EB42000BCCF06 /* Main.storyboard */; };
		1E55CA231C1EB42000BCCF06 /* Assets.xcassets in Resources */ = {isa = PBXBuildFile; fileRef = 1E55CA221C1EB42000BCCF06 /* Assets.xcassets */; };
		1E55CA261C1EB42000BCCF06 /* LaunchScreen.storyboard in Resources */ = {isa = PBXBuildFile; fileRef = 1E55CA241C1EB42000BCCF06 /* LaunchScreen.storyboard */; };
		1E55CA311C1EB42000BCCF06 /* BluetoothGameSampleTests.swift in Sources */ = {isa = PBXBuildFile; fileRef = 1E55CA301C1EB42000BCCF06 /* BluetoothGameSampleTests.swift */; };
		1E55CA3C1C1EB42000BCCF06 /* BluetoothGameSampleUITests.swift in Sources */ = {isa = PBXBuildFile; fileRef = 1E55CA3B1C1EB42000BCCF06 /* BluetoothGameSampleUITests.swift */; };
/* End PBXBuildFile section */

/* Begin PBXContainerItemProxy section */
		1E55CA2D1C1EB42000BCCF06 /* PBXContainerItemProxy */ = {
			isa = PBXContainerItemProxy;
			containerPortal = 1E55CA101C1EB42000BCCF06 /* Project object */;
			proxyType = 1;
			remoteGlobalIDString = 1E55CA171C1EB42000BCCF06;
			remoteInfo = BluetoothGameSample;
		};
		1E55CA381C1EB42000BCCF06 /* PBXContainerItemProxy */ = {
			isa = PBXContainerItemProxy;
			containerPortal = 1E55CA101C1EB42000BCCF06 /* Project object */;
			proxyType = 1;
			remoteGlobalIDString = 1E55CA171C1EB42000BCCF06;
			remoteInfo = BluetoothGameSample;
		};
/* End PBXContainerItemProxy section */

/* Begin PBXFileReference section */
		1E55CA181C1EB42000BCCF06 /* BluetoothGameSample.app */ = {isa = PBXFileReference; explicitFileType = wrapper.application; includeInIndex = 0; path = BluetoothGameSample.app; sourceTree = BUILT_PRODUCTS_DIR; };
		1E55CA1B1C1EB42000BCCF06 /* AppDelegate.swift */ = {isa = PBXFileReference; lastKnownFileType = sourcecode.swift; path = AppDelegate.swift; sourceTree = "<group>"; };
		1E55CA1D1C1EB42000BCCF06 /* ViewController.swift */ = {isa = PBXFileReference; lastKnownFileType = sourcecode.swift; path = ViewController.swift; sourceTree = "<group>"; };
		1E55CA201C1EB42000BCCF06 /* Base */ = {isa = PBXFileReference; lastKnownFileType = file.storyboard; name = Base; path = Base.lproj/Main.storyboard; sourceTree = "<group>"; };
		1E55CA221C1EB42000BCCF06 /* Assets.xcassets */ = {isa = PBXFileReference; lastKnownFileType = folder.assetcatalog; path = Assets.xcassets; sourceTree = "<group>"; };
		1E55CA251C1EB42000BCCF06 /* Base */ = {isa = PBXFileReference; lastKnownFileType = file.storyboard; name = Base; path = Base.lproj/LaunchScreen.storyboard; sourceTree = "<group>"; };
		1E55CA271C1EB42000BCCF06 /* Info.plist */ = {isa = PBXFileReference; lastKnownFileType = text.plist.xml; path = Info.plist; sourceTree = "<group>"; };
		1E55CA2C1C1EB42000BCCF06 /* BluetoothGameSampleTests.xctest */ = {isa = PBXFileReference; explicitFileType = wrapper.cfbundle; includeInIndex = 0; path = BluetoothGameSampleTests.xctest; sourceTree = BUILT_PRODUCTS_DIR; };
		1E55CA301C1EB42000BCCF06 /* BluetoothGameSampleTests.swift */ = {isa = PBXFileReference; lastKnownFileType = sourcecode.swift; path = BluetoothGameSampleTests.swift; sourceTree = "<group>"; };
		1E55CA321C1EB42000BCCF06 /* Info.plist */ = {isa = PBXFileReference; lastKnownFileType = text.plist.xml; path = Info.plist; sourceTree = "<group>"; };
		1E55CA371C1EB42000BCCF06 /* BluetoothGameSampleUITests.xctest */ = {isa = PBXFileReference; explicitFileType = wrapper.cfbundle; includeInIndex = 0; path = BluetoothGameSampleUITests.xctest; sourceTree = BUILT_PRODUCTS_DIR; };
		1E55CA3B1C1EB42000BCCF06 /* BluetoothGameSampleUITests.swift */ = {isa = PBXFileReference; lastKnownFileType = sourcecode.swift; path = BluetoothGameSampleUITests.swift; sourceTree = "<group>"; };
		1E55CA3D1C1EB42000BCCF06 /* Info.plist */ = {isa = PBXFileReference; lastKnownFileType = text.plist.xml; path = Info.plist; sourceTree = "<group>"; };
/* End PBXFileReference section */

/* Begin PBXFrameworksBuildPhase section */
		1E55CA151C1EB42000BCCF06 /* Frameworks */ = {
			isa = PBXFrameworksBuildPhase;
			buildActionMask = 2147483647;
			files = (
			);
			runOnlyForDeploymentPostprocessing = 0;
		};
		1E55CA291C1EB42000BCCF06 /* Frameworks */ = {
			isa = PBXFrameworksBuildPhase;
			buildActionMask = 2147483647;
			files = (
			);
			runOnlyForDeploymentPostprocessing = 0;
		};
		1E55CA341C1EB42000BCCF06 /* Frameworks */ = {
			isa = PBXFrameworksBuildPhase;
			buildActionMask = 2147483647;
			files = (
			);
			runOnlyForDeploymentPostprocessing = 0;
		};
/* End PBXFrameworksBuildPhase section */

/* Begin PBXGroup section */
		1E55CA0F1C1EB42000BCCF06 = {
			isa = PBXGroup;
			children = (
				1E55CA1A1C1EB42000BCCF06 /* BluetoothGameSample */,
				1E55CA2F1C1EB42000BCCF06 /* BluetoothGameSampleTests */,
				1E55CA3A1C1EB42000BCCF06 /* BluetoothGameSampleUITests */,
				1E55CA191C1EB42000BCCF06 /* Products */,
			);
			sourceTree = "<group>";
		};
		1E55CA191C1EB42000BCCF06 /* Products */ = {
			isa = PBXGroup;
			children = (
				1E55CA181C1EB42000BCCF06 /* BluetoothGameSample.app */,
				1E55CA2C1C1EB42000BCCF06 /* BluetoothGameSampleTests.xctest */,
				1E55CA371C1EB42000BCCF06 /* BluetoothGameSampleUITests.xctest */,
			);
			name = Products;
			sourceTree = "<group>";
		};
		1E55CA1A1C1EB42000BCCF06 /* BluetoothGameSample */ = {
			isa = PBXGroup;
			children = (
				1E55CA1B1C1EB42000BCCF06 /* AppDelegate.swift */,
				1E55CA1D1C1EB42000BCCF06 /* ViewController.swift */,
				1E55CA1F1C1EB42000BCCF06 /* Main.storyboard */,
				1E55CA221C1EB42000BCCF06 /* Assets.xcassets */,
				1E55CA241C1EB42000BCCF06 /* LaunchScreen.storyboard */,
				1E55CA271C1EB42000BCCF06 /* Info.plist */,
			);
			path = BluetoothGameSample;
			sourceTree = "<group>";
		};
		1E55CA2F1C1EB42000BCCF06 /* BluetoothGameSampleTests */ = {
			isa = PBXGroup;
			children = (
				1E55CA301C1EB42000BCCF06 /* BluetoothGameSampleTests.swift */,
				1E55CA321C1EB42000BCCF06 /* Info.plist */,
			);
			path = BluetoothGameSampleTests;
			sourceTree = "<group>";
		};
		1E55CA3A1C1EB42000BCCF06 /* BluetoothGameSampleUITests */ = {
			isa = PBXGroup;
			children = (
				1E55CA3B1C1EB42000BCCF06 /* BluetoothGameSampleUITests.swift */,
				1E55CA3D1C1EB42000BCCF06 /* Info.plist */,
			);
			path = BluetoothGameSampleUITests;
			sourceTree = "<group>";
		};
/* End PBXGroup section */

/* Begin PBXNativeTarget section */
		1E55CA171C1EB42000BCCF06 /* BluetoothGameSample */ = {
			isa = PBXNativeTarget;
			buildConfigurationList = 1E55CA401C1EB42000BCCF06 /* Build configuration list for PBXNativeTarget "BluetoothGameSample" */;
			buildPhases = (
				1E55CA141C1EB42000BCCF06 /* Sources */,
				1E55CA151C1EB42000BCCF06 /* Frameworks */,
				1E55CA161C1EB42000BCCF06 /* Resources */,
			);
			buildRules = (
			);
			dependencies = (
			);
			name = BluetoothGameSample;
			productName = BluetoothGameSample;
			productReference = 1E55CA181C1EB42000BCCF06 /* BluetoothGameSample.app */;
			productType = "com.apple.product-type.application";
		};
		1E55CA2B1C1EB42000BCCF06 /* BluetoothGameSampleTests */ = {
			isa = PBXNativeTarget;
			buildConfigurationList = 1E55CA431C1EB42000BCCF06 /* Build configuration list for PBXNativeTarget "BluetoothGameSampleTests" */;
			buildPhases = (
				1E55CA281C1EB42000BCCF06 /* Sources */,
				1E55CA291C1EB42000BCCF06 /* Frameworks */,
				1E55CA2A1C1EB42000BCCF06 /* Resources */,
			);
			buildRules = (
			);
			dependencies = (
				1E55CA2E1C1EB42000BCCF06 /* PBXTargetDependency */,
			);
			name = BluetoothGameSampleTests;
			productName = BluetoothGameSampleTests;
			productReference = 1E55CA2C1C1EB42000BCCF06 /* BluetoothGameSampleTests.xctest */;
			productType = "com.apple.product-type.bundle.unit-test";
		};
		1E55CA361C1EB42000BCCF06 /* BluetoothGameSampleUITests */ = {
			isa = PBXNativeTarget;
			buildConfigurationList = 1E55CA461C1EB42000BCCF06 /* Build configuration list for PBXNativeTarget "BluetoothGameSampleUITests" */;
			buildPhases = (
				1E55CA331C1EB42000BCCF06 /* Sources */,
				1E55CA341C1EB42000BCCF06 /* Frameworks */,
				1E55CA351C1EB42000BCCF06 /* Resources */,
			);
			buildRules = (
			);
			dependencies = (
				1E55CA391C1EB42000BCCF06 /* PBXTargetDependency */,
			);
			name = BluetoothGameSampleUITests;
			productName = BluetoothGameSampleUITests;
			productReference = 1E55CA371C1EB42000BCCF06 /* BluetoothGameSampleUITests.xctest */;
			productType = "com.apple.product-type.bundle.ui-testing";
		};
/* End PBXNativeTarget section */

/* Begin PBXProject section */
		1E55CA101C1EB42000BCCF06 /* Project object */ = {
			isa = PBXProject;
			attributes = {
				LastSwiftUpdateCheck = 0710;
				LastUpgradeCheck = 0710;
				ORGANIZATIONNAME = "Maiko Ohkawa";
				TargetAttributes = {
					1E55CA171C1EB42000BCCF06 = {
						CreatedOnToolsVersion = 7.1.1;
					};
					1E55CA2B1C1EB42000BCCF06 = {
						CreatedOnToolsVersion = 7.1.1;
						TestTargetID = 1E55CA171C1EB42000BCCF06;
					};
					1E55CA361C1EB42000BCCF06 = {
						CreatedOnToolsVersion = 7.1.1;
						TestTargetID = 1E55CA171C1EB42000BCCF06;
					};
				};
			};
			buildConfigurationList = 1E55CA131C1EB42000BCCF06 /* Build configuration list for PBXProject "BluetoothGameSample" */;
			compatibilityVersion = "Xcode 3.2";
			developmentRegion = English;
			hasScannedForEncodings = 0;
			knownRegions = (
				en,
				Base,
			);
			mainGroup = 1E55CA0F1C1EB42000BCCF06;
			productRefGroup = 1E55CA191C1EB42000BCCF06 /* Products */;
			projectDirPath = "";
			projectRoot = "";
			targets = (
				1E55CA171C1EB42000BCCF06 /* BluetoothGameSample */,
				1E55CA2B1C1EB42000BCCF06 /* BluetoothGameSampleTests */,
				1E55CA361C1EB42000BCCF06 /* BluetoothGameSampleUITests */,
			);
		};
/* End PBXProject section */

/* Begin PBXResourcesBuildPhase section */
		1E55CA161C1EB42000BCCF06 /* Resources */ = {
			isa = PBXResourcesBuildPhase;
			buildActionMask = 2147483647;
			files = (
				1E55CA261C1EB42000BCCF06 /* LaunchScreen.storyboard in Resources */,
				1E55CA231C1EB42000BCCF06 /* Assets.xcassets in Resources */,
				1E55CA211C1EB42000BCCF06 /* Main.storyboard in Resources */,
			);
			runOnlyForDeploymentPostprocessing = 0;
		};
		1E55CA2A1C1EB42000BCCF06 /* Resources */ = {
			isa = PBXResourcesBuildPhase;
			buildActionMask = 2147483647;
			files = (
			);
			runOnlyForDeploymentPostprocessing = 0;
		};
		1E55CA351C1EB42000BCCF06 /* Resources */ = {
			isa = PBXResourcesBuildPhase;
			buildActionMask = 2147483647;
			files = (
			);
			runOnlyForDeploymentPostprocessing = 0;
		};
/* End PBXResourcesBuildPhase section */

/* Begin PBXSourcesBuildPhase section */
		1E55CA141C1EB42000BCCF06 /* Sources */ = {
			isa = PBXSourcesBuildPhase;
			buildActionMask = 2147483647;
			files = (
				1E55CA1E1C1EB42000BCCF06 /* ViewController.swift in Sources */,
				1E55CA1C1C1EB42000BCCF06 /* AppDelegate.swift in Sources */,
			);
			runOnlyForDeploymentPostprocessing = 0;
		};
		1E55CA281C1EB42000BCCF06 /* Sources */ = {
			isa = PBXSourcesBuildPhase;
			buildActionMask = 2147483647;
			files = (
				1E55CA311C1EB42000BCCF06 /* BluetoothGameSampleTests.swift in Sources */,
			);
			runOnlyForDeploymentPostprocessing = 0;
		};
		1E55CA331C1EB42000BCCF06 /* Sources */ = {
			isa = PBXSourcesBuildPhase;
			buildActionMask = 2147483647;
			files = (
				1E55CA3C1C1EB42000BCCF06 /* BluetoothGameSampleUITests.swift in Sources */,
			);
			runOnlyForDeploymentPostprocessing = 0;
		};
/* End PBXSourcesBuildPhase section */

/* Begin PBXTargetDependency section */
		1E55CA2E1C1EB42000BCCF06 /* PBXTargetDependency */ = {
			isa = PBXTargetDependency;
			target = 1E55CA171C1EB42000BCCF06 /* BluetoothGameSample */;
			targetProxy = 1E55CA2D1C1EB42000BCCF06 /* PBXContainerItemProxy */;
		};
		1E55CA391C1EB42000BCCF06 /* PBXTargetDependency */ = {
			isa = PBXTargetDependency;
			target = 1E55CA171C1EB42000BCCF06 /* BluetoothGameSample */;
			targetProxy = 1E55CA381C1EB42000BCCF06 /* PBXContainerItemProxy */;
		};
/* End PBXTargetDependency section */

/* Begin PBXVariantGroup section */
		1E55CA1F1C1EB42000BCCF06 /* Main.storyboard */ = {
			isa = PBXVariantGroup;
			children = (
				1E55CA201C1EB42000BCCF06 /* Base */,
			);
			name = Main.storyboard;
			sourceTree = "<group>";
		};
		1E55CA241C1EB42000BCCF06 /* LaunchScreen.storyboard */ = {
			isa = PBXVariantGroup;
			children = (
				1E55CA251C1EB42000BCCF06 /* Base */,
			);
			name = LaunchScreen.storyboard;
			sourceTree = "<group>";
		};
/* End PBXVariantGroup section */

/* Begin XCBuildConfiguration section */
		1E55CA3E1C1EB42000BCCF06 /* Debug */ = {
			isa = XCBuildConfiguration;
			buildSettings = {
				ALWAYS_SEARCH_USER_PATHS = NO;
				CLANG_CXX_LANGUAGE_STANDARD = "gnu++0x";
				CLANG_CXX_LIBRARY = "libc++";
				CLANG_ENABLE_MODULES = YES;
				CLANG_ENABLE_OBJC_ARC = YES;
				CLANG_WARN_BOOL_CONVERSION = YES;
				CLANG_WARN_CONSTANT_CONVERSION = YES;
				CLANG_WARN_DIRECT_OBJC_ISA_USAGE = YES_ERROR;
				CLANG_WARN_EMPTY_BODY = YES;
				CLANG_WARN_ENUM_CONVERSION = YES;
				CLANG_WARN_INT_CONVERSION = YES;
				CLANG_WARN_OBJC_ROOT_CLASS = YES_ERROR;
				CLANG_WARN_UNREACHABLE_CODE = YES;
				CLANG_WARN__DUPLICATE_METHOD_MATCH = YES;
				"CODE_SIGN_IDENTITY[sdk=iphoneos*]" = "iPhone Developer";
				COPY_PHASE_STRIP = NO;
				DEBUG_INFORMATION_FORMAT = dwarf;
				ENABLE_STRICT_OBJC_MSGSEND = YES;
				ENABLE_TESTABILITY = YES;
				GCC_C_LANGUAGE_STANDARD = gnu99;
				GCC_DYNAMIC_NO_PIC = NO;
				GCC_NO_COMMON_BLOCKS = YES;
				GCC_OPTIMIZATION_LEVEL = 0;
				GCC_PREPROCESSOR_DEFINITIONS = (
					"DEBUG=1",
					"$(inherited)",
				);
				GCC_WARN_64_TO_32_BIT_CONVERSION = YES;
				GCC_WARN_ABOUT_RETURN_TYPE = YES_ERROR;
				GCC_WARN_UNDECLARED_SELECTOR = YES;
				GCC_WARN_UNINITIALIZED_AUTOS = YES_AGGRESSIVE;
				GCC_WARN_UNUSED_FUNCTION = YES;
				GCC_WARN_UNUSED_VARIABLE = YES;
				IPHONEOS_DEPLOYMENT_TARGET = 9.1;
				MTL_ENABLE_DEBUG_INFO = YES;
				ONLY_ACTIVE_ARCH = YES;
				SDKROOT = iphoneos;
				SWIFT_OPTIMIZATION_LEVEL = "-Onone";
				TARGETED_DEVICE_FAMILY = "1,2";
			};
			name = Debug;
		};
		1E55CA3F1C1EB42000BCCF06 /* Release */ = {
			isa = XCBuildConfiguration;
			buildSettings = {
				ALWAYS_SEARCH_USER_PATHS = NO;
				CLANG_CXX_LANGUAGE_STANDARD = "gnu++0x";
				CLANG_CXX_LIBRARY = "libc++";
				CLANG_ENABLE_MODULES = YES;
				CLANG_ENABLE_OBJC_ARC = YES;
				CLANG_WARN_BOOL_CONVERSION = YES;
				CLANG_WARN_CONSTANT_CONVERSION = YES;
				CLANG_WARN_DIRECT_OBJC_ISA_USAGE = YES_ERROR;
				CLANG_WARN_EMPTY_BODY = YES;
				CLANG_WARN_ENUM_CONVERSION = YES;
				CLANG_WARN_INT_CONVERSION = YES;
				CLANG_WARN_OBJC_ROOT_CLASS = YES_ERROR;
				CLANG_WARN_UNREACHABLE_CODE = YES;
				CLANG_WARN__DUPLICATE_METHOD_MATCH = YES;
				"CODE_SIGN_IDENTITY[sdk=iphoneos*]" = "iPhone Developer";
				COPY_PHASE_STRIP = NO;
				DEBUG_INFORMATION_FORMAT = "dwarf-with-dsym";
				ENABLE_NS_ASSERTIONS = NO;
				ENABLE_STRICT_OBJC_MSGSEND = YES;
				GCC_C_LANGUAGE_STANDARD = gnu99;
				GCC_NO_COMMON_BLOCKS = YES;
				GCC_WARN_64_TO_32_BIT_CONVERSION = YES;
				GCC_WARN_ABOUT_RETURN_TYPE = YES_ERROR;
				GCC_WARN_UNDECLARED_SELECTOR = YES;
				GCC_WARN_UNINITIALIZED_AUTOS = YES_AGGRESSIVE;
				GCC_WARN_UNUSED_FUNCTION = YES;
				GCC_WARN_UNUSED_VARIABLE = YES;
				IPHONEOS_DEPLOYMENT_TARGET = 9.1;
				MTL_ENABLE_DEBUG_INFO = NO;
				SDKROOT = iphoneos;
				TARGETED_DEVICE_FAMILY = "1,2";
				VALIDATE_PRODUCT = YES;
			};
			name = Release;
		};
		1E55CA411C1EB42000BCCF06 /* Debug */ = {
			isa = XCBuildConfiguration;
			buildSettings = {
				ASSETCATALOG_COMPILER_APPICON_NAME = AppIcon;
				INFOPLIST_FILE = BluetoothGameSample/Info.plist;
				LD_RUNPATH_SEARCH_PATHS = "$(inherited) @executable_path/Frameworks";
				PRODUCT_BUNDLE_IDENTIFIER = "Maiko-Ohkawa.BluetoothGameSample";
				PRODUCT_NAME = "$(TARGET_NAME)";
			};
			name = Debug;
		};
		1E55CA421C1EB42000BCCF06 /* Release */ = {
			isa = XCBuildConfiguration;
			buildSettings = {
				ASSETCATALOG_COMPILER_APPICON_NAME = AppIcon;
				INFOPLIST_FILE = BluetoothGameSample/Info.plist;
				LD_RUNPATH_SEARCH_PATHS = "$(inherited) @executable_path/Frameworks";
				PRODUCT_BUNDLE_IDENTIFIER = "Maiko-Ohkawa.BluetoothGameSample";
				PRODUCT_NAME = "$(TARGET_NAME)";
			};
			name = Release;
		};
		1E55CA441C1EB42000BCCF06 /* Debug */ = {
			isa = XCBuildConfiguration;
			buildSettings = {
				BUNDLE_LOADER = "$(TEST_HOST)";
				INFOPLIST_FILE = BluetoothGameSampleTests/Info.plist;
				LD_RUNPATH_SEARCH_PATHS = "$(inherited) @executable_path/Frameworks @loader_path/Frameworks";
				PRODUCT_BUNDLE_IDENTIFIER = "Maiko-Ohkawa.BluetoothGameSampleTests";
				PRODUCT_NAME = "$(TARGET_NAME)";
				TEST_HOST = "$(BUILT_PRODUCTS_DIR)/BluetoothGameSample.app/BluetoothGameSample";
			};
			name = Debug;
		};
		1E55CA451C1EB42000BCCF06 /* Release */ = {
			isa = XCBuildConfiguration;
			buildSettings = {
				BUNDLE_LOADER = "$(TEST_HOST)";
				INFOPLIST_FILE = BluetoothGameSampleTests/Info.plist;
				LD_RUNPATH_SEARCH_PATHS = "$(inherited) @executable_path/Frameworks @loader_path/Frameworks";
				PRODUCT_BUNDLE_IDENTIFIER = "Maiko-Ohkawa.BluetoothGameSampleTests";
				PRODUCT_NAME = "$(TARGET_NAME)";
				TEST_HOST = "$(BUILT_PRODUCTS_DIR)/BluetoothGameSample.app/BluetoothGameSample";
			};
			name = Release;
		};
		1E55CA471C1EB42000BCCF06 /* Debug */ = {
			isa = XCBuildConfiguration;
			buildSettings = {
				INFOPLIST_FILE = BluetoothGameSampleUITests/Info.plist;
				LD_RUNPATH_SEARCH_PATHS = "$(inherited) @executable_path/Frameworks @loader_path/Frameworks";
				PRODUCT_BUNDLE_IDENTIFIER = "Maiko-Ohkawa.BluetoothGameSampleUITests";
				PRODUCT_NAME = "$(TARGET_NAME)";
				TEST_TARGET_NAME = BluetoothGameSample;
				USES_XCTRUNNER = YES;
			};
			name = Debug;
		};
		1E55CA481C1EB42000BCCF06 /* Release */ = {
			isa = XCBuildConfiguration;
			buildSettings = {
				INFOPLIST_FILE = BluetoothGameSampleUITests/Info.plist;
				LD_RUNPATH_SEARCH_PATHS = "$(inherited) @executable_path/Frameworks @loader_path/Frameworks";
				PRODUCT_BUNDLE_IDENTIFIER = "Maiko-Ohkawa.BluetoothGameSampleUITests";
				PRODUCT_NAME = "$(TARGET_NAME)";
				TEST_TARGET_NAME = BluetoothGameSample;
				USES_XCTRUNNER = YES;
			};
			name = Release;
		};
/* End XCBuildConfiguration section */

/* Begin XCConfigurationList section */
		1E55CA131C1EB42000BCCF06 /* Build configuration list for PBXProject "BluetoothGameSample" */ = {
			isa = XCConfigurationList;
			buildConfigurations = (
				1E55CA3E1C1EB42000BCCF06 /* Debug */,
				1E55CA3F1C1EB42000BCCF06 /* Release */,
			);
			defaultConfigurationIsVisible = 0;
			defaultConfigurationName = Release;
		};
		1E55CA401C1EB42000BCCF06 /* Build configuration list for PBXNativeTarget "BluetoothGameSample" */ = {
			isa = XCConfigurationList;
			buildConfigurations = (
				1E55CA411C1EB42000BCCF06 /* Debug */,
				1E55CA421C1EB42000BCCF06 /* Release */,
			);
			defaultConfigurationIsVisible = 0;
		};
		1E55CA431C1EB42000BCCF06 /* Build configuration list for PBXNativeTarget "BluetoothGameSampleTests" */ = {
			isa = XCConfigurationList;
			buildConfigurations = (
				1E55CA441C1EB42000BCCF06 /* Debug */,
				1E55CA451C1EB42000BCCF06 /* Release */,
			);
			defaultConfigurationIsVisible = 0;
		};
		1E55CA461C1EB42000BCCF06 /* Build configuration list for PBXNativeTarget "BluetoothGameSampleUITests" */ = {
			isa = XCConfigurationList;
			buildConfigurations = (
				1E55CA471C1EB42000BCCF06 /* Debug */,
				1E55CA481C1EB42000BCCF06 /* Release */,
			);
			defaultConfigurationIsVisible = 0;
		};
/* End XCConfigurationList section */
	};
	rootObject = 1E55CA101C1EB42000BCCF06 /* Project object */;
}
